PODS:
  - Alamofire (4.9.1)
  - lottie-ios (3.1.8)
  - RxAlamofire (5.1.0):
    - RxAlamofire/Core (= 5.1.0)
  - RxAlamofire/Core (5.1.0):
    - Alamofire (~> 4.8)
    - RxSwift (~> 5.0)
  - RxSwift (5.1.1)
  - SnapKit (4.2.0)

DEPENDENCIES:
  - lottie-ios (= 3.1.8)
  - RxAlamofire (= 5.1.0)
  - SnapKit

SPEC REPOS:
  https://github.com/cocoapods/specs.git:
    - Alamofire
    - lottie-ios
    - RxAlamofire
    - RxSwift
    - SnapKit

SPEC CHECKSUMS:
  Alamofire: 85e8a02c69d6020a0d734f6054870d7ecb75cf18
  lottie-ios: 48fac6be217c76937e36e340e2d09cf7b10b7f5f
  RxAlamofire: a2d7621de4c23a0c6e7b476b504acc32838ee341
  RxSwift: 81470a2074fa8780320ea5fe4102807cb7118178
  SnapKit: fe8a619752f3f27075cc9a90244d75c6c3f27e2a

PODFILE CHECKSUM: 0753c9b07e90c045659ad9e16071f7ebdb9194f9

COCOAPODS: 1.5.3
