// !$*UTF8*$!
{
	archiveVersion = 1;
	classes = {
	};
	objectVersion = 50;
	objects = {

/* Begin PBXBuildFile section */
		141FF16139F1CA82F4ABD033 /* Pods_wan_android_iOS.framework in Frameworks */ = {isa = PBXBuildFile; fileRef = 40469D52B98502D7F32F8EAA /* Pods_wan_android_iOS.framework */; };
		240FF5BC24A0992000E3F5A8 /* HttpClient.swift in Sources */ = {isa = PBXBuildFile; fileRef = 240FF5BB24A0992000E3F5A8 /* HttpClient.swift */; };
		240FF5BF24A0A31A00E3F5A8 /* JsonUtils.swift in Sources */ = {isa = PBXBuildFile; fileRef = 240FF5BE24A0A31A00E3F5A8 /* JsonUtils.swift */; };
		246E951924D7BA6F0038CB1E /* PageControl.swift in Sources */ = {isa = PBXBuildFile; fileRef = 246E951824D7BA6F0038CB1E /* PageControl.swift */; };
		246E960724D805110038CB1E /* ArticleMainViewController.swift in Sources */ = {isa = PBXBuildFile; fileRef = 246E960624D805110038CB1E /* ArticleMainViewController.swift */; };
		249F683C24D3CBA20058C449 /* BrowserViewController.swift in Sources */ = {isa = PBXBuildFile; fileRef = 249F683B24D3CBA20058C449 /* BrowserViewController.swift */; };
		249F683E24D40DD50058C449 /* ArticleBanner.swift in Sources */ = {isa = PBXBuildFile; fileRef = 249F683D24D40DD50058C449 /* ArticleBanner.swift */; };
		24BB74A124D8FCE700EC0BD5 /* TreeListHeaderView.swift in Sources */ = {isa = PBXBuildFile; fileRef = 24BB74A024D8FCE700EC0BD5 /* TreeListHeaderView.swift */; };
		24BB74A324D93A8C00EC0BD5 /* NaviListViewController.swift in Sources */ = {isa = PBXBuildFile; fileRef = 24BB74A224D93A8C00EC0BD5 /* NaviListViewController.swift */; };
		24BB74A524D93F8000EC0BD5 /* NaviListItemCell.swift in Sources */ = {isa = PBXBuildFile; fileRef = 24BB74A424D93F8000EC0BD5 /* NaviListItemCell.swift */; };
		24BB74A724D94F2200EC0BD5 /* LeftEqualFlowLayout.swift in Sources */ = {isa = PBXBuildFile; fileRef = 24BB74A624D94F2200EC0BD5 /* LeftEqualFlowLayout.swift */; };
		24BB74A924D9555800EC0BD5 /* NaviListHeaderView.swift in Sources */ = {isa = PBXBuildFile; fileRef = 24BB74A824D9555800EC0BD5 /* NaviListHeaderView.swift */; };
		24F73AA424A0BA0A007A2B4D /* BaseService.swift in Sources */ = {isa = PBXBuildFile; fileRef = 24F73AA324A0BA0A007A2B4D /* BaseService.swift */; };
		3A096D5724A7A36700E7FF1D /* DefaultEmptyView.swift in Sources */ = {isa = PBXBuildFile; fileRef = 3A096D5624A7A36700E7FF1D /* DefaultEmptyView.swift */; };
		3A096D5924A7A42000E7FF1D /* DefaultErrorView.swift in Sources */ = {isa = PBXBuildFile; fileRef = 3A096D5824A7A42000E7FF1D /* DefaultErrorView.swift */; };
		3A1551D924D5206400DA1F02 /* Ext_UIImageView.swift in Sources */ = {isa = PBXBuildFile; fileRef = 3A1551D824D5206400DA1F02 /* Ext_UIImageView.swift */; };
		3A1551DB24D6994600DA1F02 /* XBanner.swift in Sources */ = {isa = PBXBuildFile; fileRef = 3A1551DA24D6994600DA1F02 /* XBanner.swift */; };
		3A1551DE24D6A37000DA1F02 /* XBannerItemCell.swift in Sources */ = {isa = PBXBuildFile; fileRef = 3A1551DD24D6A37000DA1F02 /* XBannerItemCell.swift */; };
		3A1551E124D8592100DA1F02 /* TreeListViewController.swift in Sources */ = {isa = PBXBuildFile; fileRef = 3A1551E024D8592100DA1F02 /* TreeListViewController.swift */; };
		3A1551E324D85AEE00DA1F02 /* TreeModel.swift in Sources */ = {isa = PBXBuildFile; fileRef = 3A1551E224D85AEE00DA1F02 /* TreeModel.swift */; };
		3A1551E524D85C0500DA1F02 /* TreeViewModel.swift in Sources */ = {isa = PBXBuildFile; fileRef = 3A1551E424D85C0500DA1F02 /* TreeViewModel.swift */; };
		3A1551E724D8606500DA1F02 /* TreeListItemCell.swift in Sources */ = {isa = PBXBuildFile; fileRef = 3A1551E624D8606500DA1F02 /* TreeListItemCell.swift */; };
		3A1551E924D9ACBE00DA1F02 /* TreeMainViewController.swift in Sources */ = {isa = PBXBuildFile; fileRef = 3A1551E824D9ACBE00DA1F02 /* TreeMainViewController.swift */; };
		3A1551EB24D9BBD700DA1F02 /* HomeViewController.swift in Sources */ = {isa = PBXBuildFile; fileRef = 3A1551EA24D9BBD700DA1F02 /* HomeViewController.swift */; };
		3A23DD7824A6F7D3003DD81B /* DefaultLoadingView.swift in Sources */ = {isa = PBXBuildFile; fileRef = 3A23DD7724A6F7D3003DD81B /* DefaultLoadingView.swift */; };
		3A5F7334249BB4DB00A3AE68 /* AppDelegate.swift in Sources */ = {isa = PBXBuildFile; fileRef = 3A5F7333249BB4DB00A3AE68 /* AppDelegate.swift */; };
		3A5F7336249BB4DB00A3AE68 /* SceneDelegate.swift in Sources */ = {isa = PBXBuildFile; fileRef = 3A5F7335249BB4DB00A3AE68 /* SceneDelegate.swift */; };
		3A5F7338249BB4DB00A3AE68 /* ViewController.swift in Sources */ = {isa = PBXBuildFile; fileRef = 3A5F7337249BB4DB00A3AE68 /* ViewController.swift */; };
		3A5F733B249BB4DB00A3AE68 /* Main.storyboard in Resources */ = {isa = PBXBuildFile; fileRef = 3A5F7339249BB4DB00A3AE68 /* Main.storyboard */; };
		3A5F733D249BB4DD00A3AE68 /* Assets.xcassets in Resources */ = {isa = PBXBuildFile; fileRef = 3A5F733C249BB4DD00A3AE68 /* Assets.xcassets */; };
		3A5F7340249BB4DD00A3AE68 /* LaunchScreen.storyboard in Resources */ = {isa = PBXBuildFile; fileRef = 3A5F733E249BB4DD00A3AE68 /* LaunchScreen.storyboard */; };
		3A70932B24B4C8F200DCF916 /* ArticleViewController.swift in Sources */ = {isa = PBXBuildFile; fileRef = 3A70932A24B4C8F200DCF916 /* ArticleViewController.swift */; };
		3A70932D24B4CE4100DCF916 /* ArticleListItemCell.swift in Sources */ = {isa = PBXBuildFile; fileRef = 3A70932C24B4CE4100DCF916 /* ArticleListItemCell.swift */; };
		3A79DA6B24A609D3002BCD2A /* animation in Resources */ = {isa = PBXBuildFile; fileRef = 3A79DA6A24A609D3002BCD2A /* animation */; };
		3A79DA6F24A62650002BCD2A /* Ext_UIColor_project.swift in Sources */ = {isa = PBXBuildFile; fileRef = 3A79DA6E24A62650002BCD2A /* Ext_UIColor_project.swift */; };
		3A79DAAC24A62EF7002BCD2A /* Ext_LottieAnimation.swift in Sources */ = {isa = PBXBuildFile; fileRef = 3A79DAAB24A62EF7002BCD2A /* Ext_LottieAnimation.swift */; };
		3A81D5E024AB973A000DEDEB /* R.generated.swift in Sources */ = {isa = PBXBuildFile; fileRef = 3A81D5DF24AB973A000DEDEB /* R.generated.swift */; };
		3A90B0E324A4781200651342 /* RxLiveData.swift in Sources */ = {isa = PBXBuildFile; fileRef = 3A90B0E224A4781200651342 /* RxLiveData.swift */; };
		3A90B0E724A47C6F00651342 /* Ext_UIApplication.swift in Sources */ = {isa = PBXBuildFile; fileRef = 3A90B0E624A47C6F00651342 /* Ext_UIApplication.swift */; };
		3A90B0EA24A481EA00651342 /* Toast.swift in Sources */ = {isa = PBXBuildFile; fileRef = 3A90B0E924A481EA00651342 /* Toast.swift */; };
		3A90B0EC24A4858E00651342 /* Ext_UIColor_Hex.swift in Sources */ = {isa = PBXBuildFile; fileRef = 3A90B0EB24A4858E00651342 /* Ext_UIColor_Hex.swift */; };
		3A90B0EF24A5996C00651342 /* ToastOperation.swift in Sources */ = {isa = PBXBuildFile; fileRef = 3A90B0EE24A5996C00651342 /* ToastOperation.swift */; };
		3A90B0F124A59A4800651342 /* ToastHandler.swift in Sources */ = {isa = PBXBuildFile; fileRef = 3A90B0F024A59A4800651342 /* ToastHandler.swift */; };
		3AB1A82424B369ED009F9596 /* HttpObserverType.swift in Sources */ = {isa = PBXBuildFile; fileRef = 3AB1A82324B369ED009F9596 /* HttpObserverType.swift */; };
		3ACC1B3C24A8EB75001F69EB /* BaseTableViewController.swift in Sources */ = {isa = PBXBuildFile; fileRef = 3ACC1B3B24A8EB75001F69EB /* BaseTableViewController.swift */; };
		3ACD1A3124A79A2400081C46 /* AnimationProtocol.swift in Sources */ = {isa = PBXBuildFile; fileRef = 3ACD1A3024A79A2400081C46 /* AnimationProtocol.swift */; };
		3ACF902124A650A100648C9A /* PageStateManager.swift in Sources */ = {isa = PBXBuildFile; fileRef = 3ACF902024A650A100648C9A /* PageStateManager.swift */; };
		3AEC6D8324B018570072120C /* WanResponse.swift in Sources */ = {isa = PBXBuildFile; fileRef = 3AEC6D8224B018570072120C /* WanResponse.swift */; };
		3AEC6D8524B040070072120C /* PageStrategy.swift in Sources */ = {isa = PBXBuildFile; fileRef = 3AEC6D8424B040070072120C /* PageStrategy.swift */; };
		3AEC6D8724B041A60072120C /* PageInfo.swift in Sources */ = {isa = PBXBuildFile; fileRef = 3AEC6D8624B041A60072120C /* PageInfo.swift */; };
		3AEC6DEC24B17D1A0072120C /* WanAndroidNumberPageInfo.swift in Sources */ = {isa = PBXBuildFile; fileRef = 3AEC6DEB24B17D1A0072120C /* WanAndroidNumberPageInfo.swift */; };
		3AEC6DEE24B17E6D0072120C /* WanAndroidPageStrategy.swift in Sources */ = {isa = PBXBuildFile; fileRef = 3AEC6DED24B17E6D0072120C /* WanAndroidPageStrategy.swift */; };
		3AEC6DF024B182570072120C /* PageTableViewController.swift in Sources */ = {isa = PBXBuildFile; fileRef = 3AEC6DEF24B182570072120C /* PageTableViewController.swift */; };
		3AEC6DF224B19FE00072120C /* Ext_UIViewController.swift in Sources */ = {isa = PBXBuildFile; fileRef = 3AEC6DF124B19FE00072120C /* Ext_UIViewController.swift */; };
		3AEC6DF424B1A0BD0072120C /* XError.swift in Sources */ = {isa = PBXBuildFile; fileRef = 3AEC6DF324B1A0BD0072120C /* XError.swift */; };
		3AEC6DF624B1F3760072120C /* WanAndroidRepo.swift in Sources */ = {isa = PBXBuildFile; fileRef = 3AEC6DF524B1F3760072120C /* WanAndroidRepo.swift */; };
		3AEC6DF824B1F41D0072120C /* WanAndroidService.swift in Sources */ = {isa = PBXBuildFile; fileRef = 3AEC6DF724B1F41D0072120C /* WanAndroidService.swift */; };
		3AEC6DFC24B1F7DE0072120C /* Pagination.swift in Sources */ = {isa = PBXBuildFile; fileRef = 3AEC6DFB24B1F7DE0072120C /* Pagination.swift */; };
		3AEC6DFE24B1F84D0072120C /* ArticleModel.swift in Sources */ = {isa = PBXBuildFile; fileRef = 3AEC6DFD24B1F84D0072120C /* ArticleModel.swift */; };
		3AEC6E3B24B22AF40072120C /* ArticleViewModel.swift in Sources */ = {isa = PBXBuildFile; fileRef = 3AEC6E3A24B22AF40072120C /* ArticleViewModel.swift */; };
		3AEE1C8924A5C18F00660388 /* ToastView.swift in Sources */ = {isa = PBXBuildFile; fileRef = 3AEE1C8824A5C18F00660388 /* ToastView.swift */; };
		3AEEE2DA24A46EC9000A10F6 /* BaseViewController.swift in Sources */ = {isa = PBXBuildFile; fileRef = 3AEEE2D924A46EC9000A10F6 /* BaseViewController.swift */; };
		3AEEE2DC24A473BC000A10F6 /* BaseViewModel.swift in Sources */ = {isa = PBXBuildFile; fileRef = 3AEEE2DB24A473BC000A10F6 /* BaseViewModel.swift */; };
/* End PBXBuildFile section */

/* Begin PBXFileReference section */
		240FF5BB24A0992000E3F5A8 /* HttpClient.swift */ = {isa = PBXFileReference; lastKnownFileType = sourcecode.swift; path = HttpClient.swift; sourceTree = "<group>"; };
		240FF5BE24A0A31A00E3F5A8 /* JsonUtils.swift */ = {isa = PBXFileReference; lastKnownFileType = sourcecode.swift; path = JsonUtils.swift; sourceTree = "<group>"; };
		246E951824D7BA6F0038CB1E /* PageControl.swift */ = {isa = PBXFileReference; fileEncoding = 4; lastKnownFileType = sourcecode.swift; path = PageControl.swift; sourceTree = "<group>"; };
		246E960624D805110038CB1E /* ArticleMainViewController.swift */ = {isa = PBXFileReference; lastKnownFileType = sourcecode.swift; path = ArticleMainViewController.swift; sourceTree = "<group>"; };
		249F683B24D3CBA20058C449 /* BrowserViewController.swift */ = {isa = PBXFileReference; lastKnownFileType = sourcecode.swift; path = BrowserViewController.swift; sourceTree = "<group>"; };
		249F683D24D40DD50058C449 /* ArticleBanner.swift */ = {isa = PBXFileReference; lastKnownFileType = sourcecode.swift; path = ArticleBanner.swift; sourceTree = "<group>"; };
		24BB74A024D8FCE700EC0BD5 /* TreeListHeaderView.swift */ = {isa = PBXFileReference; lastKnownFileType = sourcecode.swift; path = TreeListHeaderView.swift; sourceTree = "<group>"; };
		24BB74A224D93A8C00EC0BD5 /* NaviListViewController.swift */ = {isa = PBXFileReference; lastKnownFileType = sourcecode.swift; path = NaviListViewController.swift; sourceTree = "<group>"; };
		24BB74A424D93F8000EC0BD5 /* NaviListItemCell.swift */ = {isa = PBXFileReference; lastKnownFileType = sourcecode.swift; path = NaviListItemCell.swift; sourceTree = "<group>"; };
		24BB74A624D94F2200EC0BD5 /* LeftEqualFlowLayout.swift */ = {isa = PBXFileReference; lastKnownFileType = sourcecode.swift; path = LeftEqualFlowLayout.swift; sourceTree = "<group>"; };
		24BB74A824D9555800EC0BD5 /* NaviListHeaderView.swift */ = {isa = PBXFileReference; lastKnownFileType = sourcecode.swift; path = NaviListHeaderView.swift; sourceTree = "<group>"; };
		24F73AA324A0BA0A007A2B4D /* BaseService.swift */ = {isa = PBXFileReference; lastKnownFileType = sourcecode.swift; path = BaseService.swift; sourceTree = "<group>"; };
		3A096D5624A7A36700E7FF1D /* DefaultEmptyView.swift */ = {isa = PBXFileReference; lastKnownFileType = sourcecode.swift; path = DefaultEmptyView.swift; sourceTree = "<group>"; };
		3A096D5824A7A42000E7FF1D /* DefaultErrorView.swift */ = {isa = PBXFileReference; lastKnownFileType = sourcecode.swift; path = DefaultErrorView.swift; sourceTree = "<group>"; };
		3A1551D824D5206400DA1F02 /* Ext_UIImageView.swift */ = {isa = PBXFileReference; lastKnownFileType = sourcecode.swift; path = Ext_UIImageView.swift; sourceTree = "<group>"; };
		3A1551DA24D6994600DA1F02 /* XBanner.swift */ = {isa = PBXFileReference; lastKnownFileType = sourcecode.swift; path = XBanner.swift; sourceTree = "<group>"; };
		3A1551DD24D6A37000DA1F02 /* XBannerItemCell.swift */ = {isa = PBXFileReference; lastKnownFileType = sourcecode.swift; path = XBannerItemCell.swift; sourceTree = "<group>"; };
		3A1551E024D8592100DA1F02 /* TreeListViewController.swift */ = {isa = PBXFileReference; lastKnownFileType = sourcecode.swift; path = TreeListViewController.swift; sourceTree = "<group>"; };
		3A1551E224D85AEE00DA1F02 /* TreeModel.swift */ = {isa = PBXFileReference; lastKnownFileType = sourcecode.swift; path = TreeModel.swift; sourceTree = "<group>"; };
		3A1551E424D85C0500DA1F02 /* TreeViewModel.swift */ = {isa = PBXFileReference; lastKnownFileType = sourcecode.swift; path = TreeViewModel.swift; sourceTree = "<group>"; };
		3A1551E624D8606500DA1F02 /* TreeListItemCell.swift */ = {isa = PBXFileReference; lastKnownFileType = sourcecode.swift; path = TreeListItemCell.swift; sourceTree = "<group>"; };
		3A1551E824D9ACBE00DA1F02 /* TreeMainViewController.swift */ = {isa = PBXFileReference; lastKnownFileType = sourcecode.swift; path = TreeMainViewController.swift; sourceTree = "<group>"; };
		3A1551EA24D9BBD700DA1F02 /* HomeViewController.swift */ = {isa = PBXFileReference; lastKnownFileType = sourcecode.swift; path = HomeViewController.swift; sourceTree = "<group>"; };
		3A23DD7724A6F7D3003DD81B /* DefaultLoadingView.swift */ = {isa = PBXFileReference; lastKnownFileType = sourcecode.swift; path = DefaultLoadingView.swift; sourceTree = "<group>"; };
		3A5F7330249BB4DB00A3AE68 /* wan-android-iOS.app */ = {isa = PBXFileReference; explicitFileType = wrapper.application; includeInIndex = 0; path = "wan-android-iOS.app"; sourceTree = BUILT_PRODUCTS_DIR; };
		3A5F7333249BB4DB00A3AE68 /* AppDelegate.swift */ = {isa = PBXFileReference; lastKnownFileType = sourcecode.swift; path = AppDelegate.swift; sourceTree = "<group>"; };
		3A5F7335249BB4DB00A3AE68 /* SceneDelegate.swift */ = {isa = PBXFileReference; lastKnownFileType = sourcecode.swift; path = SceneDelegate.swift; sourceTree = "<group>"; };
		3A5F7337249BB4DB00A3AE68 /* ViewController.swift */ = {isa = PBXFileReference; lastKnownFileType = sourcecode.swift; path = ViewController.swift; sourceTree = "<group>"; };
		3A5F733A249BB4DB00A3AE68 /* Base */ = {isa = PBXFileReference; lastKnownFileType = file.storyboard; name = Base; path = Base.lproj/Main.storyboard; sourceTree = "<group>"; };
		3A5F733C249BB4DD00A3AE68 /* Assets.xcassets */ = {isa = PBXFileReference; lastKnownFileType = folder.assetcatalog; path = Assets.xcassets; sourceTree = "<group>"; };
		3A5F733F249BB4DD00A3AE68 /* Base */ = {isa = PBXFileReference; lastKnownFileType = file.storyboard; name = Base; path = Base.lproj/LaunchScreen.storyboard; sourceTree = "<group>"; };
		3A5F7341249BB4DD00A3AE68 /* Info.plist */ = {isa = PBXFileReference; lastKnownFileType = text.plist.xml; path = Info.plist; sourceTree = "<group>"; };
		3A70932A24B4C8F200DCF916 /* ArticleViewController.swift */ = {isa = PBXFileReference; lastKnownFileType = sourcecode.swift; path = ArticleViewController.swift; sourceTree = "<group>"; };
		3A70932C24B4CE4100DCF916 /* ArticleListItemCell.swift */ = {isa = PBXFileReference; lastKnownFileType = sourcecode.swift; path = ArticleListItemCell.swift; sourceTree = "<group>"; };
		3A79DA6A24A609D3002BCD2A /* animation */ = {isa = PBXFileReference; lastKnownFileType = folder; path = animation; sourceTree = "<group>"; };
		3A79DA6E24A62650002BCD2A /* Ext_UIColor_project.swift */ = {isa = PBXFileReference; lastKnownFileType = sourcecode.swift; path = Ext_UIColor_project.swift; sourceTree = "<group>"; };
		3A79DAAB24A62EF7002BCD2A /* Ext_LottieAnimation.swift */ = {isa = PBXFileReference; lastKnownFileType = sourcecode.swift; path = Ext_LottieAnimation.swift; sourceTree = "<group>"; };
		3A81D5DF24AB973A000DEDEB /* R.generated.swift */ = {isa = PBXFileReference; fileEncoding = 4; lastKnownFileType = sourcecode.swift; path = R.generated.swift; sourceTree = SOURCE_ROOT; };
		3A90B0E224A4781200651342 /* RxLiveData.swift */ = {isa = PBXFileReference; lastKnownFileType = sourcecode.swift; path = RxLiveData.swift; sourceTree = "<group>"; };
		3A90B0E624A47C6F00651342 /* Ext_UIApplication.swift */ = {isa = PBXFileReference; lastKnownFileType = sourcecode.swift; path = Ext_UIApplication.swift; sourceTree = "<group>"; };
		3A90B0E924A481EA00651342 /* Toast.swift */ = {isa = PBXFileReference; lastKnownFileType = sourcecode.swift; path = Toast.swift; sourceTree = "<group>"; };
		3A90B0EB24A4858E00651342 /* Ext_UIColor_Hex.swift */ = {isa = PBXFileReference; lastKnownFileType = sourcecode.swift; path = Ext_UIColor_Hex.swift; sourceTree = "<group>"; };
		3A90B0EE24A5996C00651342 /* ToastOperation.swift */ = {isa = PBXFileReference; lastKnownFileType = sourcecode.swift; path = ToastOperation.swift; sourceTree = "<group>"; };
		3A90B0F024A59A4800651342 /* ToastHandler.swift */ = {isa = PBXFileReference; lastKnownFileType = sourcecode.swift; path = ToastHandler.swift; sourceTree = "<group>"; };
		3AB1A82324B369ED009F9596 /* HttpObserverType.swift */ = {isa = PBXFileReference; lastKnownFileType = sourcecode.swift; path = HttpObserverType.swift; sourceTree = "<group>"; };
		3ACC1B3B24A8EB75001F69EB /* BaseTableViewController.swift */ = {isa = PBXFileReference; lastKnownFileType = sourcecode.swift; path = BaseTableViewController.swift; sourceTree = "<group>"; };
		3ACD1A3024A79A2400081C46 /* AnimationProtocol.swift */ = {isa = PBXFileReference; lastKnownFileType = sourcecode.swift; path = AnimationProtocol.swift; sourceTree = "<group>"; };
		3ACF902024A650A100648C9A /* PageStateManager.swift */ = {isa = PBXFileReference; lastKnownFileType = sourcecode.swift; path = PageStateManager.swift; sourceTree = "<group>"; };
		3AEC6D8224B018570072120C /* WanResponse.swift */ = {isa = PBXFileReference; lastKnownFileType = sourcecode.swift; path = WanResponse.swift; sourceTree = "<group>"; };
		3AEC6D8424B040070072120C /* PageStrategy.swift */ = {isa = PBXFileReference; lastKnownFileType = sourcecode.swift; path = PageStrategy.swift; sourceTree = "<group>"; };
		3AEC6D8624B041A60072120C /* PageInfo.swift */ = {isa = PBXFileReference; lastKnownFileType = sourcecode.swift; path = PageInfo.swift; sourceTree = "<group>"; };
		3AEC6DEB24B17D1A0072120C /* WanAndroidNumberPageInfo.swift */ = {isa = PBXFileReference; lastKnownFileType = sourcecode.swift; path = WanAndroidNumberPageInfo.swift; sourceTree = "<group>"; };
		3AEC6DED24B17E6D0072120C /* WanAndroidPageStrategy.swift */ = {isa = PBXFileReference; lastKnownFileType = sourcecode.swift; path = WanAndroidPageStrategy.swift; sourceTree = "<group>"; };
		3AEC6DEF24B182570072120C /* PageTableViewController.swift */ = {isa = PBXFileReference; lastKnownFileType = sourcecode.swift; path = PageTableViewController.swift; sourceTree = "<group>"; };
		3AEC6DF124B19FE00072120C /* Ext_UIViewController.swift */ = {isa = PBXFileReference; lastKnownFileType = sourcecode.swift; path = Ext_UIViewController.swift; sourceTree = "<group>"; };
		3AEC6DF324B1A0BD0072120C /* XError.swift */ = {isa = PBXFileReference; lastKnownFileType = sourcecode.swift; path = XError.swift; sourceTree = "<group>"; };
		3AEC6DF524B1F3760072120C /* WanAndroidRepo.swift */ = {isa = PBXFileReference; lastKnownFileType = sourcecode.swift; path = WanAndroidRepo.swift; sourceTree = "<group>"; };
		3AEC6DF724B1F41D0072120C /* WanAndroidService.swift */ = {isa = PBXFileReference; lastKnownFileType = sourcecode.swift; path = WanAndroidService.swift; sourceTree = "<group>"; };
		3AEC6DFB24B1F7DE0072120C /* Pagination.swift */ = {isa = PBXFileReference; lastKnownFileType = sourcecode.swift; path = Pagination.swift; sourceTree = "<group>"; };
		3AEC6DFD24B1F84D0072120C /* ArticleModel.swift */ = {isa = PBXFileReference; lastKnownFileType = sourcecode.swift; path = ArticleModel.swift; sourceTree = "<group>"; };
		3AEC6E3A24B22AF40072120C /* ArticleViewModel.swift */ = {isa = PBXFileReference; lastKnownFileType = sourcecode.swift; path = ArticleViewModel.swift; sourceTree = "<group>"; };
		3AEE1C8824A5C18F00660388 /* ToastView.swift */ = {isa = PBXFileReference; lastKnownFileType = sourcecode.swift; path = ToastView.swift; sourceTree = "<group>"; };
		3AEEE2D924A46EC9000A10F6 /* BaseViewController.swift */ = {isa = PBXFileReference; lastKnownFileType = sourcecode.swift; path = BaseViewController.swift; sourceTree = "<group>"; };
		3AEEE2DB24A473BC000A10F6 /* BaseViewModel.swift */ = {isa = PBXFileReference; lastKnownFileType = sourcecode.swift; path = BaseViewModel.swift; sourceTree = "<group>"; };
		40469D52B98502D7F32F8EAA /* Pods_wan_android_iOS.framework */ = {isa = PBXFileReference; explicitFileType = wrapper.framework; includeInIndex = 0; path = Pods_wan_android_iOS.framework; sourceTree = BUILT_PRODUCTS_DIR; };
		6D89A7D6C430CDE7C702516B /* Pods-wan-android-iOS.debug.xcconfig */ = {isa = PBXFileReference; includeInIndex = 1; lastKnownFileType = text.xcconfig; name = "Pods-wan-android-iOS.debug.xcconfig"; path = "Pods/Target Support Files/Pods-wan-android-iOS/Pods-wan-android-iOS.debug.xcconfig"; sourceTree = "<group>"; };
		758C14CD1645805511F02282 /* Pods-wan-android-iOS.release.xcconfig */ = {isa = PBXFileReference; includeInIndex = 1; lastKnownFileType = text.xcconfig; name = "Pods-wan-android-iOS.release.xcconfig"; path = "Pods/Target Support Files/Pods-wan-android-iOS/Pods-wan-android-iOS.release.xcconfig"; sourceTree = "<group>"; };
/* End PBXFileReference section */

/* Begin PBXFrameworksBuildPhase section */
		3A5F732D249BB4DB00A3AE68 /* Frameworks */ = {
			isa = PBXFrameworksBuildPhase;
			buildActionMask = 2147483647;
			files = (
				141FF16139F1CA82F4ABD033 /* Pods_wan_android_iOS.framework in Frameworks */,
			);
			runOnlyForDeploymentPostprocessing = 0;
		};
/* End PBXFrameworksBuildPhase section */

/* Begin PBXGroup section */
		240FF5BA24A0984300E3F5A8 /* http */ = {
			isa = PBXGroup;
			children = (
				240FF5BB24A0992000E3F5A8 /* HttpClient.swift */,
				3AEC6D8224B018570072120C /* WanResponse.swift */,
				3AB1A82324B369ED009F9596 /* HttpObserverType.swift */,
			);
			path = http;
			sourceTree = "<group>";
		};
		240FF5BD24A0A30700E3F5A8 /* utils */ = {
			isa = PBXGroup;
			children = (
				240FF5BE24A0A31A00E3F5A8 /* JsonUtils.swift */,
			);
			path = utils;
			sourceTree = "<group>";
		};
		249F683A24D3CB6C0058C449 /* browser */ = {
			isa = PBXGroup;
			children = (
				249F683B24D3CBA20058C449 /* BrowserViewController.swift */,
			);
			path = browser;
			sourceTree = "<group>";
		};
		24F73AA224A0B957007A2B4D /* service */ = {
			isa = PBXGroup;
			children = (
				24F73AA324A0BA0A007A2B4D /* BaseService.swift */,
				3AEC6DF724B1F41D0072120C /* WanAndroidService.swift */,
			);
			path = service;
			sourceTree = "<group>";
		};
		3A1551DC24D6A34B00DA1F02 /* banner */ = {
			isa = PBXGroup;
			children = (
				246E951824D7BA6F0038CB1E /* PageControl.swift */,
				3A1551DA24D6994600DA1F02 /* XBanner.swift */,
				3A1551DD24D6A37000DA1F02 /* XBannerItemCell.swift */,
			);
			path = banner;
			sourceTree = "<group>";
		};
		3A1551DF24D8584B00DA1F02 /* tree */ = {
			isa = PBXGroup;
			children = (
				24BB74A224D93A8C00EC0BD5 /* NaviListViewController.swift */,
				24BB74A424D93F8000EC0BD5 /* NaviListItemCell.swift */,
				24BB74A824D9555800EC0BD5 /* NaviListHeaderView.swift */,
				3A1551E024D8592100DA1F02 /* TreeListViewController.swift */,
				3A1551E424D85C0500DA1F02 /* TreeViewModel.swift */,
				3A1551E224D85AEE00DA1F02 /* TreeModel.swift */,
				3A1551E624D8606500DA1F02 /* TreeListItemCell.swift */,
				24BB74A024D8FCE700EC0BD5 /* TreeListHeaderView.swift */,
				3A1551E824D9ACBE00DA1F02 /* TreeMainViewController.swift */,
			);
			path = tree;
			sourceTree = "<group>";
		};
		3A5F7327249BB4DB00A3AE68 = {
			isa = PBXGroup;
			children = (
				3A5F7332249BB4DB00A3AE68 /* wan-android-iOS */,
				3A5F7331249BB4DB00A3AE68 /* Products */,
				B14C9F23204C2C75F3AB2DED /* Pods */,
				5CA38B4454466393E57FD2FC /* Frameworks */,
			);
			sourceTree = "<group>";
		};
		3A5F7331249BB4DB00A3AE68 /* Products */ = {
			isa = PBXGroup;
			children = (
				3A5F7330249BB4DB00A3AE68 /* wan-android-iOS.app */,
			);
			name = Products;
			sourceTree = "<group>";
		};
		3A5F7332249BB4DB00A3AE68 /* wan-android-iOS */ = {
			isa = PBXGroup;
			children = (
				3A79DA6A24A609D3002BCD2A /* animation */,
				3AEEE2D824A46E63000A10F6 /* base */,
				3AEC6DF924B1F7530072120C /* moudle */,
				3A90B0E424A47BEA00651342 /* common */,
				240FF5BD24A0A30700E3F5A8 /* utils */,
				240FF5BA24A0984300E3F5A8 /* http */,
				24F73AA224A0B957007A2B4D /* service */,
				3AEC6DF524B1F3760072120C /* WanAndroidRepo.swift */,
				3A5F7333249BB4DB00A3AE68 /* AppDelegate.swift */,
				3A5F7335249BB4DB00A3AE68 /* SceneDelegate.swift */,
				3A5F7337249BB4DB00A3AE68 /* ViewController.swift */,
				3AEC6DF324B1A0BD0072120C /* XError.swift */,
				3A5F7339249BB4DB00A3AE68 /* Main.storyboard */,
				3A5F733C249BB4DD00A3AE68 /* Assets.xcassets */,
				3A81D5DF24AB973A000DEDEB /* R.generated.swift */,
				3A5F733E249BB4DD00A3AE68 /* LaunchScreen.storyboard */,
				3A5F7341249BB4DD00A3AE68 /* Info.plist */,
			);
			path = "wan-android-iOS";
			sourceTree = "<group>";
		};
		3A90B0E424A47BEA00651342 /* common */ = {
			isa = PBXGroup;
			children = (
				3A90B0E824A481D800651342 /* component */,
				3A90B0E524A47C1100651342 /* extension */,
			);
			path = common;
			sourceTree = "<group>";
		};
		3A90B0E524A47C1100651342 /* extension */ = {
			isa = PBXGroup;
			children = (
				3A90B0E624A47C6F00651342 /* Ext_UIApplication.swift */,
				3A90B0EB24A4858E00651342 /* Ext_UIColor_Hex.swift */,
				3A79DA6E24A62650002BCD2A /* Ext_UIColor_project.swift */,
				3A79DAAB24A62EF7002BCD2A /* Ext_LottieAnimation.swift */,
				3AEC6DF124B19FE00072120C /* Ext_UIViewController.swift */,
				3A1551D824D5206400DA1F02 /* Ext_UIImageView.swift */,
			);
			path = extension;
			sourceTree = "<group>";
		};
		3A90B0E824A481D800651342 /* component */ = {
			isa = PBXGroup;
			children = (
				3A1551DC24D6A34B00DA1F02 /* banner */,
				3ACC1B3D24A8F3C7001F69EB /* paging */,
				3ACC1B3A24A8EB30001F69EB /* tableView */,
				3ACF901F24A6508800648C9A /* pageState */,
				3A90B0ED24A5993400651342 /* toast */,
				24BB74A624D94F2200EC0BD5 /* LeftEqualFlowLayout.swift */,
			);
			path = component;
			sourceTree = "<group>";
		};
		3A90B0ED24A5993400651342 /* toast */ = {
			isa = PBXGroup;
			children = (
				3A90B0E924A481EA00651342 /* Toast.swift */,
				3AEE1C8824A5C18F00660388 /* ToastView.swift */,
				3A90B0EE24A5996C00651342 /* ToastOperation.swift */,
				3A90B0F024A59A4800651342 /* ToastHandler.swift */,
			);
			path = toast;
			sourceTree = "<group>";
		};
		3ACC1B3A24A8EB30001F69EB /* tableView */ = {
			isa = PBXGroup;
			children = (
				3ACC1B3B24A8EB75001F69EB /* BaseTableViewController.swift */,
				3AEC6DEF24B182570072120C /* PageTableViewController.swift */,
			);
			path = tableView;
			sourceTree = "<group>";
		};
		3ACC1B3D24A8F3C7001F69EB /* paging */ = {
			isa = PBXGroup;
			children = (
				3AEC6D8424B040070072120C /* PageStrategy.swift */,
				3AEC6D8624B041A60072120C /* PageInfo.swift */,
				3AEC6DEB24B17D1A0072120C /* WanAndroidNumberPageInfo.swift */,
				3AEC6DED24B17E6D0072120C /* WanAndroidPageStrategy.swift */,
			);
			path = paging;
			sourceTree = "<group>";
		};
		3ACF901F24A6508800648C9A /* pageState */ = {
			isa = PBXGroup;
			children = (
				3ACF902024A650A100648C9A /* PageStateManager.swift */,
				3A23DD7724A6F7D3003DD81B /* DefaultLoadingView.swift */,
				3A096D5624A7A36700E7FF1D /* DefaultEmptyView.swift */,
				3A096D5824A7A42000E7FF1D /* DefaultErrorView.swift */,
				3ACD1A3024A79A2400081C46 /* AnimationProtocol.swift */,
			);
			path = pageState;
			sourceTree = "<group>";
		};
		3AEC6DF924B1F7530072120C /* moudle */ = {
			isa = PBXGroup;
			children = (
				249F683A24D3CB6C0058C449 /* browser */,
				3AEC6DFA24B1F7630072120C /* article */,
				3A1551DF24D8584B00DA1F02 /* tree */,
				3A1551EA24D9BBD700DA1F02 /* HomeViewController.swift */,
				3AEC6DFB24B1F7DE0072120C /* Pagination.swift */,
			);
			path = moudle;
			sourceTree = "<group>";
		};
		3AEC6DFA24B1F7630072120C /* article */ = {
			isa = PBXGroup;
			children = (
				3AEC6DFD24B1F84D0072120C /* ArticleModel.swift */,
				3AEC6E3A24B22AF40072120C /* ArticleViewModel.swift */,
				3A70932A24B4C8F200DCF916 /* ArticleViewController.swift */,
				246E960624D805110038CB1E /* ArticleMainViewController.swift */,
				3A70932C24B4CE4100DCF916 /* ArticleListItemCell.swift */,
				249F683D24D40DD50058C449 /* ArticleBanner.swift */,
			);
			path = article;
			sourceTree = "<group>";
		};
		3AEEE2D824A46E63000A10F6 /* base */ = {
			isa = PBXGroup;
			children = (
				3AEEE2D924A46EC9000A10F6 /* BaseViewController.swift */,
				3AEEE2DB24A473BC000A10F6 /* BaseViewModel.swift */,
				3A90B0E224A4781200651342 /* RxLiveData.swift */,
			);
			path = base;
			sourceTree = "<group>";
		};
		5CA38B4454466393E57FD2FC /* Frameworks */ = {
			isa = PBXGroup;
			children = (
				40469D52B98502D7F32F8EAA /* Pods_wan_android_iOS.framework */,
			);
			name = Frameworks;
			sourceTree = "<group>";
		};
		B14C9F23204C2C75F3AB2DED /* Pods */ = {
			isa = PBXGroup;
			children = (
				6D89A7D6C430CDE7C702516B /* Pods-wan-android-iOS.debug.xcconfig */,
				758C14CD1645805511F02282 /* Pods-wan-android-iOS.release.xcconfig */,
			);
			name = Pods;
			sourceTree = "<group>";
		};
/* End PBXGroup section */

/* Begin PBXNativeTarget section */
		3A5F732F249BB4DB00A3AE68 /* wan-android-iOS */ = {
			isa = PBXNativeTarget;
			buildConfigurationList = 3A5F7344249BB4DD00A3AE68 /* Build configuration list for PBXNativeTarget "wan-android-iOS" */;
			buildPhases = (
				2E69E3FE7EF4A8B171CC03FD /* [CP] Check Pods Manifest.lock */,
				3A81D59F24AB923F000DEDEB /* Run Script */,
				3A5F732C249BB4DB00A3AE68 /* Sources */,
				3A5F732D249BB4DB00A3AE68 /* Frameworks */,
				3A5F732E249BB4DB00A3AE68 /* Resources */,
				3C27061534B89B55328BAB62 /* [CP] Embed Pods Frameworks */,
			);
			buildRules = (
			);
			dependencies = (
			);
			name = "wan-android-iOS";
			productName = "wan-android-iOS";
			productReference = 3A5F7330249BB4DB00A3AE68 /* wan-android-iOS.app */;
			productType = "com.apple.product-type.application";
		};
/* End PBXNativeTarget section */

/* Begin PBXProject section */
		3A5F7328249BB4DB00A3AE68 /* Project object */ = {
			isa = PBXProject;
			attributes = {
				LastSwiftUpdateCheck = 1130;
				LastUpgradeCheck = 1130;
				ORGANIZATIONNAME = "肖楚🐑";
				TargetAttributes = {
					3A5F732F249BB4DB00A3AE68 = {
						CreatedOnToolsVersion = 11.3.1;
					};
				};
			};
			buildConfigurationList = 3A5F732B249BB4DB00A3AE68 /* Build configuration list for PBXProject "wan-android-iOS" */;
			compatibilityVersion = "Xcode 9.3";
			developmentRegion = en;
			hasScannedForEncodings = 0;
			knownRegions = (
				en,
				Base,
			);
			mainGroup = 3A5F7327249BB4DB00A3AE68;
			productRefGroup = 3A5F7331249BB4DB00A3AE68 /* Products */;
			projectDirPath = "";
			projectRoot = "";
			targets = (
				3A5F732F249BB4DB00A3AE68 /* wan-android-iOS */,
			);
		};
/* End PBXProject section */

/* Begin PBXResourcesBuildPhase section */
		3A5F732E249BB4DB00A3AE68 /* Resources */ = {
			isa = PBXResourcesBuildPhase;
			buildActionMask = 2147483647;
			files = (
				3A79DA6B24A609D3002BCD2A /* animation in Resources */,
				3A5F7340249BB4DD00A3AE68 /* LaunchScreen.storyboard in Resources */,
				3A5F733D249BB4DD00A3AE68 /* Assets.xcassets in Resources */,
				3A5F733B249BB4DB00A3AE68 /* Main.storyboard in Resources */,
			);
			runOnlyForDeploymentPostprocessing = 0;
		};
/* End PBXResourcesBuildPhase section */

/* Begin PBXShellScriptBuildPhase section */
		2E69E3FE7EF4A8B171CC03FD /* [CP] Check Pods Manifest.lock */ = {
			isa = PBXShellScriptBuildPhase;
			buildActionMask = 2147483647;
			files = (
			);
			inputFileListPaths = (
			);
			inputPaths = (
				"${PODS_PODFILE_DIR_PATH}/Podfile.lock",
				"${PODS_ROOT}/Manifest.lock",
			);
			name = "[CP] Check Pods Manifest.lock";
			outputFileListPaths = (
			);
			outputPaths = (
				"$(DERIVED_FILE_DIR)/Pods-wan-android-iOS-checkManifestLockResult.txt",
			);
			runOnlyForDeploymentPostprocessing = 0;
			shellPath = /bin/sh;
			shellScript = "diff \"${PODS_PODFILE_DIR_PATH}/Podfile.lock\" \"${PODS_ROOT}/Manifest.lock\" > /dev/null\nif [ $? != 0 ] ; then\n    # print error to STDERR\n    echo \"error: The sandbox is not in sync with the Podfile.lock. Run 'pod install' or update your CocoaPods installation.\" >&2\n    exit 1\nfi\n# This output is used by Xcode 'outputs' to avoid re-running this script phase.\necho \"SUCCESS\" > \"${SCRIPT_OUTPUT_FILE_0}\"\n";
			showEnvVarsInLog = 0;
		};
		3A81D59F24AB923F000DEDEB /* Run Script */ = {
			isa = PBXShellScriptBuildPhase;
			buildActionMask = 2147483647;
			files = (
			);
			inputFileListPaths = (
			);
			inputPaths = (
				"$TEMP_DIR/rswift-lastrun",
			);
			name = "Run Script";
			outputFileListPaths = (
			);
			outputPaths = (
				"$(SRCROOT)/R.generated.swift",
			);
			runOnlyForDeploymentPostprocessing = 0;
			shellPath = /bin/sh;
			shellScript = "# Type a script or drag a script file from your workspace to insert its path.\n\"$PODS_ROOT/R.swift/rswift\" generate \"$SRCROOT/R.generated.swift\"\n";
		};
		3C27061534B89B55328BAB62 /* [CP] Embed Pods Frameworks */ = {
			isa = PBXShellScriptBuildPhase;
			buildActionMask = 2147483647;
			files = (
			);
			inputFileListPaths = (
			);
			inputPaths = (
				"${SRCROOT}/Pods/Target Support Files/Pods-wan-android-iOS/Pods-wan-android-iOS-frameworks.sh",
				"${BUILT_PRODUCTS_DIR}/Alamofire/Alamofire.framework",
				"${BUILT_PRODUCTS_DIR}/MJRefresh/MJRefresh.framework",
				"${BUILT_PRODUCTS_DIR}/MyLayout/MyLayout.framework",
				"${BUILT_PRODUCTS_DIR}/R.swift.Library/Rswift.framework",
				"${BUILT_PRODUCTS_DIR}/RxAlamofire/RxAlamofire.framework",
				"${BUILT_PRODUCTS_DIR}/RxSwift/RxSwift.framework",
				"${BUILT_PRODUCTS_DIR}/SDWebImage/SDWebImage.framework",
				"${BUILT_PRODUCTS_DIR}/lottie-ios/Lottie.framework",
			);
			name = "[CP] Embed Pods Frameworks";
			outputFileListPaths = (
			);
			outputPaths = (
				"${TARGET_BUILD_DIR}/${FRAMEWORKS_FOLDER_PATH}/Alamofire.framework",
				"${TARGET_BUILD_DIR}/${FRAMEWORKS_FOLDER_PATH}/MJRefresh.framework",
				"${TARGET_BUILD_DIR}/${FRAMEWORKS_FOLDER_PATH}/MyLayout.framework",
				"${TARGET_BUILD_DIR}/${FRAMEWORKS_FOLDER_PATH}/Rswift.framework",
				"${TARGET_BUILD_DIR}/${FRAMEWORKS_FOLDER_PATH}/RxAlamofire.framework",
				"${TARGET_BUILD_DIR}/${FRAMEWORKS_FOLDER_PATH}/RxSwift.framework",
				"${TARGET_BUILD_DIR}/${FRAMEWORKS_FOLDER_PATH}/SDWebImage.framework",
				"${TARGET_BUILD_DIR}/${FRAMEWORKS_FOLDER_PATH}/Lottie.framework",
			);
			runOnlyForDeploymentPostprocessing = 0;
			shellPath = /bin/sh;
			shellScript = "\"${SRCROOT}/Pods/Target Support Files/Pods-wan-android-iOS/Pods-wan-android-iOS-frameworks.sh\"\n";
			showEnvVarsInLog = 0;
		};
/* End PBXShellScriptBuildPhase section */

/* Begin PBXSourcesBuildPhase section */
		3A5F732C249BB4DB00A3AE68 /* Sources */ = {
			isa = PBXSourcesBuildPhase;
			buildActionMask = 2147483647;
			files = (
				3ACD1A3124A79A2400081C46 /* AnimationProtocol.swift in Sources */,
				3A1551E724D8606500DA1F02 /* TreeListItemCell.swift in Sources */,
				3A5F7338249BB4DB00A3AE68 /* ViewController.swift in Sources */,
				249F683E24D40DD50058C449 /* ArticleBanner.swift in Sources */,
				3ACC1B3C24A8EB75001F69EB /* BaseTableViewController.swift in Sources */,
				3A1551E324D85AEE00DA1F02 /* TreeModel.swift in Sources */,
				3AEC6D8524B040070072120C /* PageStrategy.swift in Sources */,
				3A096D5724A7A36700E7FF1D /* DefaultEmptyView.swift in Sources */,
				3AB1A82424B369ED009F9596 /* HttpObserverType.swift in Sources */,
				3A1551E924D9ACBE00DA1F02 /* TreeMainViewController.swift in Sources */,
				3A23DD7824A6F7D3003DD81B /* DefaultLoadingView.swift in Sources */,
				3A90B0EA24A481EA00651342 /* Toast.swift in Sources */,
				3A90B0E324A4781200651342 /* RxLiveData.swift in Sources */,
				3AEC6DF024B182570072120C /* PageTableViewController.swift in Sources */,
				3A70932B24B4C8F200DCF916 /* ArticleViewController.swift in Sources */,
				3AEC6DF424B1A0BD0072120C /* XError.swift in Sources */,
				246E960724D805110038CB1E /* ArticleMainViewController.swift in Sources */,
				3AEC6DFE24B1F84D0072120C /* ArticleModel.swift in Sources */,
				249F683C24D3CBA20058C449 /* BrowserViewController.swift in Sources */,
				3A1551EB24D9BBD700DA1F02 /* HomeViewController.swift in Sources */,
				24BB74A324D93A8C00EC0BD5 /* NaviListViewController.swift in Sources */,
				3A1551D924D5206400DA1F02 /* Ext_UIImageView.swift in Sources */,
				3AEEE2DC24A473BC000A10F6 /* BaseViewModel.swift in Sources */,
				3AEC6E3B24B22AF40072120C /* ArticleViewModel.swift in Sources */,
				3A79DA6F24A62650002BCD2A /* Ext_UIColor_project.swift in Sources */,
				3AEC6DF824B1F41D0072120C /* WanAndroidService.swift in Sources */,
				3AEE1C8924A5C18F00660388 /* ToastView.swift in Sources */,
				3A90B0E724A47C6F00651342 /* Ext_UIApplication.swift in Sources */,
				3A81D5E024AB973A000DEDEB /* R.generated.swift in Sources */,
				3A79DAAC24A62EF7002BCD2A /* Ext_LottieAnimation.swift in Sources */,
				3AEC6DFC24B1F7DE0072120C /* Pagination.swift in Sources */,
				3A90B0EC24A4858E00651342 /* Ext_UIColor_Hex.swift in Sources */,
				3A1551DB24D6994600DA1F02 /* XBanner.swift in Sources */,
				3AEC6D8324B018570072120C /* WanResponse.swift in Sources */,
				3AEC6D8724B041A60072120C /* PageInfo.swift in Sources */,
				3AEEE2DA24A46EC9000A10F6 /* BaseViewController.swift in Sources */,
				3A1551E524D85C0500DA1F02 /* TreeViewModel.swift in Sources */,
				3A1551DE24D6A37000DA1F02 /* XBannerItemCell.swift in Sources */,
				3A90B0EF24A5996C00651342 /* ToastOperation.swift in Sources */,
				246E951924D7BA6F0038CB1E /* PageControl.swift in Sources */,
				3A1551E124D8592100DA1F02 /* TreeListViewController.swift in Sources */,
				3AEC6DEE24B17E6D0072120C /* WanAndroidPageStrategy.swift in Sources */,
				24BB74A724D94F2200EC0BD5 /* LeftEqualFlowLayout.swift in Sources */,
				24BB74A124D8FCE700EC0BD5 /* TreeListHeaderView.swift in Sources */,
				3AEC6DF224B19FE00072120C /* Ext_UIViewController.swift in Sources */,
				3ACF902124A650A100648C9A /* PageStateManager.swift in Sources */,
				3A096D5924A7A42000E7FF1D /* DefaultErrorView.swift in Sources */,
				3A5F7334249BB4DB00A3AE68 /* AppDelegate.swift in Sources */,
				3AEC6DEC24B17D1A0072120C /* WanAndroidNumberPageInfo.swift in Sources */,
				24F73AA424A0BA0A007A2B4D /* BaseService.swift in Sources */,
				240FF5BF24A0A31A00E3F5A8 /* JsonUtils.swift in Sources */,
				24BB74A924D9555800EC0BD5 /* NaviListHeaderView.swift in Sources */,
				3A70932D24B4CE4100DCF916 /* ArticleListItemCell.swift in Sources */,
				3AEC6DF624B1F3760072120C /* WanAndroidRepo.swift in Sources */,
				240FF5BC24A0992000E3F5A8 /* HttpClient.swift in Sources */,
				3A5F7336249BB4DB00A3AE68 /* SceneDelegate.swift in Sources */,
				24BB74A524D93F8000EC0BD5 /* NaviListItemCell.swift in Sources */,
				3A90B0F124A59A4800651342 /* ToastHandler.swift in Sources */,
			);
			runOnlyForDeploymentPostprocessing = 0;
		};
/* End PBXSourcesBuildPhase section */

/* Begin PBXVariantGroup section */
		3A5F7339249BB4DB00A3AE68 /* Main.storyboard */ = {
			isa = PBXVariantGroup;
			children = (
				3A5F733A249BB4DB00A3AE68 /* Base */,
			);
			name = Main.storyboard;
			sourceTree = "<group>";
		};
		3A5F733E249BB4DD00A3AE68 /* LaunchScreen.storyboard */ = {
			isa = PBXVariantGroup;
			children = (
				3A5F733F249BB4DD00A3AE68 /* Base */,
			);
			name = LaunchScreen.storyboard;
			sourceTree = "<group>";
		};
/* End PBXVariantGroup section */

/* Begin XCBuildConfiguration section */
		3A5F7342249BB4DD00A3AE68 /* Debug */ = {
			isa = XCBuildConfiguration;
			buildSettings = {
				ALWAYS_SEARCH_USER_PATHS = NO;
				CLANG_ANALYZER_NONNULL = YES;
				CLANG_ANALYZER_NUMBER_OBJECT_CONVERSION = YES_AGGRESSIVE;
				CLANG_CXX_LANGUAGE_STANDARD = "gnu++14";
				CLANG_CXX_LIBRARY = "libc++";
				CLANG_ENABLE_MODULES = YES;
				CLANG_ENABLE_OBJC_ARC = YES;
				CLANG_ENABLE_OBJC_WEAK = YES;
				CLANG_WARN_BLOCK_CAPTURE_AUTORELEASING = YES;
				CLANG_WARN_BOOL_CONVERSION = YES;
				CLANG_WARN_COMMA = YES;
				CLANG_WARN_CONSTANT_CONVERSION = YES;
				CLANG_WARN_DEPRECATED_OBJC_IMPLEMENTATIONS = YES;
				CLANG_WARN_DIRECT_OBJC_ISA_USAGE = YES_ERROR;
				CLANG_WARN_DOCUMENTATION_COMMENTS = YES;
				CLANG_WARN_EMPTY_BODY = YES;
				CLANG_WARN_ENUM_CONVERSION = YES;
				CLANG_WARN_INFINITE_RECURSION = YES;
				CLANG_WARN_INT_CONVERSION = YES;
				CLANG_WARN_NON_LITERAL_NULL_CONVERSION = YES;
				CLANG_WARN_OBJC_IMPLICIT_RETAIN_SELF = YES;
				CLANG_WARN_OBJC_LITERAL_CONVERSION = YES;
				CLANG_WARN_OBJC_ROOT_CLASS = YES_ERROR;
				CLANG_WARN_RANGE_LOOP_ANALYSIS = YES;
				CLANG_WARN_STRICT_PROTOTYPES = YES;
				CLANG_WARN_SUSPICIOUS_MOVE = YES;
				CLANG_WARN_UNGUARDED_AVAILABILITY = YES_AGGRESSIVE;
				CLANG_WARN_UNREACHABLE_CODE = YES;
				CLANG_WARN__DUPLICATE_METHOD_MATCH = YES;
				COPY_PHASE_STRIP = NO;
				DEBUG_INFORMATION_FORMAT = dwarf;
				ENABLE_STRICT_OBJC_MSGSEND = YES;
				ENABLE_TESTABILITY = YES;
				GCC_C_LANGUAGE_STANDARD = gnu11;
				GCC_DYNAMIC_NO_PIC = NO;
				GCC_NO_COMMON_BLOCKS = YES;
				GCC_OPTIMIZATION_LEVEL = 0;
				GCC_PREPROCESSOR_DEFINITIONS = (
					"DEBUG=1",
					"$(inherited)",
				);
				GCC_WARN_64_TO_32_BIT_CONVERSION = YES;
				GCC_WARN_ABOUT_RETURN_TYPE = YES_ERROR;
				GCC_WARN_UNDECLARED_SELECTOR = YES;
				GCC_WARN_UNINITIALIZED_AUTOS = YES_AGGRESSIVE;
				GCC_WARN_UNUSED_FUNCTION = YES;
				GCC_WARN_UNUSED_VARIABLE = YES;
				IPHONEOS_DEPLOYMENT_TARGET = 13.2;
				MTL_ENABLE_DEBUG_INFO = INCLUDE_SOURCE;
				MTL_FAST_MATH = YES;
				ONLY_ACTIVE_ARCH = YES;
				SDKROOT = iphoneos;
				SWIFT_ACTIVE_COMPILATION_CONDITIONS = DEBUG;
				SWIFT_OPTIMIZATION_LEVEL = "-Onone";
			};
			name = Debug;
		};
		3A5F7343249BB4DD00A3AE68 /* Release */ = {
			isa = XCBuildConfiguration;
			buildSettings = {
				ALWAYS_SEARCH_USER_PATHS = NO;
				CLANG_ANALYZER_NONNULL = YES;
				CLANG_ANALYZER_NUMBER_OBJECT_CONVERSION = YES_AGGRESSIVE;
				CLANG_CXX_LANGUAGE_STANDARD = "gnu++14";
				CLANG_CXX_LIBRARY = "libc++";
				CLANG_ENABLE_MODULES = YES;
				CLANG_ENABLE_OBJC_ARC = YES;
				CLANG_ENABLE_OBJC_WEAK = YES;
				CLANG_WARN_BLOCK_CAPTURE_AUTORELEASING = YES;
				CLANG_WARN_BOOL_CONVERSION = YES;
				CLANG_WARN_COMMA = YES;
				CLANG_WARN_CONSTANT_CONVERSION = YES;
				CLANG_WARN_DEPRECATED_OBJC_IMPLEMENTATIONS = YES;
				CLANG_WARN_DIRECT_OBJC_ISA_USAGE = YES_ERROR;
				CLANG_WARN_DOCUMENTATION_COMMENTS = YES;
				CLANG_WARN_EMPTY_BODY = YES;
				CLANG_WARN_ENUM_CONVERSION = YES;
				CLANG_WARN_INFINITE_RECURSION = YES;
				CLANG_WARN_INT_CONVERSION = YES;
				CLANG_WARN_NON_LITERAL_NULL_CONVERSION = YES;
				CLANG_WARN_OBJC_IMPLICIT_RETAIN_SELF = YES;
				CLANG_WARN_OBJC_LITERAL_CONVERSION = YES;
				CLANG_WARN_OBJC_ROOT_CLASS = YES_ERROR;
				CLANG_WARN_RANGE_LOOP_ANALYSIS = YES;
				CLANG_WARN_STRICT_PROTOTYPES = YES;
				CLANG_WARN_SUSPICIOUS_MOVE = YES;
				CLANG_WARN_UNGUARDED_AVAILABILITY = YES_AGGRESSIVE;
				CLANG_WARN_UNREACHABLE_CODE = YES;
				CLANG_WARN__DUPLICATE_METHOD_MATCH = YES;
				COPY_PHASE_STRIP = NO;
				DEBUG_INFORMATION_FORMAT = "dwarf-with-dsym";
				ENABLE_NS_ASSERTIONS = NO;
				ENABLE_STRICT_OBJC_MSGSEND = YES;
				GCC_C_LANGUAGE_STANDARD = gnu11;
				GCC_NO_COMMON_BLOCKS = YES;
				GCC_WARN_64_TO_32_BIT_CONVERSION = YES;
				GCC_WARN_ABOUT_RETURN_TYPE = YES_ERROR;
				GCC_WARN_UNDECLARED_SELECTOR = YES;
				GCC_WARN_UNINITIALIZED_AUTOS = YES_AGGRESSIVE;
				GCC_WARN_UNUSED_FUNCTION = YES;
				GCC_WARN_UNUSED_VARIABLE = YES;
				IPHONEOS_DEPLOYMENT_TARGET = 13.2;
				MTL_ENABLE_DEBUG_INFO = NO;
				MTL_FAST_MATH = YES;
				SDKROOT = iphoneos;
				SWIFT_COMPILATION_MODE = wholemodule;
				SWIFT_OPTIMIZATION_LEVEL = "-O";
				VALIDATE_PRODUCT = YES;
			};
			name = Release;
		};
		3A5F7345249BB4DD00A3AE68 /* Debug */ = {
			isa = XCBuildConfiguration;
			baseConfigurationReference = 6D89A7D6C430CDE7C702516B /* Pods-wan-android-iOS.debug.xcconfig */;
			buildSettings = {
				ASSETCATALOG_COMPILER_APPICON_NAME = AppIcon;
				CODE_SIGN_STYLE = Automatic;
				DEVELOPMENT_TEAM = 8NM2C7228N;
				INFOPLIST_FILE = "wan-android-iOS/Info.plist";
				IPHONEOS_DEPLOYMENT_TARGET = 9.0;
				LD_RUNPATH_SEARCH_PATHS = (
					"$(inherited)",
					"@executable_path/Frameworks",
				);
				PRODUCT_BUNDLE_IDENTIFIER = "me.xcyoung.wan-android-iOS";
				PRODUCT_NAME = "$(TARGET_NAME)";
				SWIFT_VERSION = 5.0;
				TARGETED_DEVICE_FAMILY = "1,2";
			};
			name = Debug;
		};
		3A5F7346249BB4DD00A3AE68 /* Release */ = {
			isa = XCBuildConfiguration;
			baseConfigurationReference = 758C14CD1645805511F02282 /* Pods-wan-android-iOS.release.xcconfig */;
			buildSettings = {
				ASSETCATALOG_COMPILER_APPICON_NAME = AppIcon;
				CODE_SIGN_STYLE = Automatic;
				DEVELOPMENT_TEAM = 8NM2C7228N;
				INFOPLIST_FILE = "wan-android-iOS/Info.plist";
				IPHONEOS_DEPLOYMENT_TARGET = 9.0;
				LD_RUNPATH_SEARCH_PATHS = (
					"$(inherited)",
					"@executable_path/Frameworks",
				);
				PRODUCT_BUNDLE_IDENTIFIER = "me.xcyoung.wan-android-iOS";
				PRODUCT_NAME = "$(TARGET_NAME)";
				SWIFT_VERSION = 5.0;
				TARGETED_DEVICE_FAMILY = "1,2";
			};
			name = Release;
		};
/* End XCBuildConfiguration section */

/* Begin XCConfigurationList section */
		3A5F732B249BB4DB00A3AE68 /* Build configuration list for PBXProject "wan-android-iOS" */ = {
			isa = XCConfigurationList;
			buildConfigurations = (
				3A5F7342249BB4DD00A3AE68 /* Debug */,
				3A5F7343249BB4DD00A3AE68 /* Release */,
			);
			defaultConfigurationIsVisible = 0;
			defaultConfigurationName = Release;
		};
		3A5F7344249BB4DD00A3AE68 /* Build configuration list for PBXNativeTarget "wan-android-iOS" */ = {
			isa = XCConfigurationList;
			buildConfigurations = (
				3A5F7345249BB4DD00A3AE68 /* Debug */,
				3A5F7346249BB4DD00A3AE68 /* Release */,
			);
			defaultConfigurationIsVisible = 0;
			defaultConfigurationName = Release;
		};
/* End XCConfigurationList section */
	};
	rootObject = 3A5F7328249BB4DB00A3AE68 /* Project object */;
}
